PODS:
  - CocoaExtension (1.0.0)
  - CollectionKit (2.2.0):
    - CollectionKit/Core (= 2.2.0)
  - CollectionKit/Core (2.2.0)
  - DifferenceKit (0.6.0):
    - DifferenceKit/Core (= 0.6.0)
    - DifferenceKit/UIKitExtension (= 0.6.0)
  - DifferenceKit/Core (0.6.0)
  - DifferenceKit/UIKitExtension (0.6.0):
    - DifferenceKit/Core
  - Encryption (1.0.0)
  - FunctionalSwift (1.0.0)
  - Kingfisher (4.10.1)
  - MBProgressHUD (1.1.0)
  - MJRefresh (3.1.15.6)
  - ModalManager (1.0.0)
  - "Rx+Kingfisher (1.0.0)":
    - "Rx+Kingfisher/RxSwift (= 1.0.0)"
  - "Rx+Kingfisher/Core (1.0.0)":
    - Kingfisher (~> 4)
  - "Rx+Kingfisher/RxSwift (1.0.0)":
    - "Rx+Kingfisher/Core"
    - RxSwift (~> 4)
  - RxAnimated (0.5.0):
    - RxAnimated/Core (= 0.5.0)
    - RxCocoa (~> 4.3)
    - RxSwift (~> 4.3)
  - RxAnimated/Core (0.5.0):
    - RxCocoa (~> 4.3)
    - RxSwift (~> 4.3)
  - RxAtomic (4.4.0)
  - RxCocoa (4.4.0):
    - RxSwift (~> 4.0)
  - RxGesture (2.1.0):
    - RxCocoa (~> 4.4.0)
    - RxSwift (~> 4.4.0)
  - RxKeyboard (0.9.0):
    - RxCocoa (>= 4.3.1)
    - RxSwift (>= 4.3.1)
  - RxOptional (3.6.2):
    - RxCocoa (~> 4.0)
    - RxSwift (~> 4.0)
  - RxSwift (4.4.0):
    - RxAtomic (~> 4.4)
  - RxSwiftExt (3.4.0):
    - RxSwiftExt/Core (= 3.4.0)
    - RxSwiftExt/RxCocoa (= 3.4.0)
  - RxSwiftExt/Core (3.4.0):
    - RxSwift (~> 4.0)
  - RxSwiftExt/RxCocoa (3.4.0):
    - RxCocoa (~> 4.0)
    - RxSwiftExt/Core
  - SnapKit (4.0.1)
  - SwiftLint (0.27.0)
  - SwiftyUserDefaults (3.0.1)
  - Validation (1.0.0)

DEPENDENCIES:
  - CocoaExtension (from `~/Desktop/wallet-ios/BaseSupport/CocoaExtension`)
  - CollectionKit (from `https://github.com/SoySauceLab/CollectionKit`)
  - DifferenceKit
  - Encryption (from `~/Desktop/wallet-ios/BaseSupport/Encryption`)
  - FunctionalSwift (from `~/Desktop/wallet-ios/BaseSupport/FunctionalSwift`)
  - Kingfisher
  - MBProgressHUD
  - MJRefresh (from `https://github.com/CoderMJLee/MJRefresh`)
  - ModalManager (from `~/Desktop/wallet-ios/BaseSupport/ModalManager`)
  - "Rx+Kingfisher (from `~/Desktop/wallet-ios/BaseSupport/RxKingfisher`)"
  - RxAnimated
  - RxCocoa (from `https://github.com/ReactiveX/RxSwift`)
  - RxGesture
  - RxKeyboard
  - RxOptional
  - RxSwift (from `https://github.com/ReactiveX/RxSwift`)
  - RxSwiftExt
  - SnapKit (from `https://github.com/SnapKit/SnapKit`)
  - SwiftLint
  - SwiftyUserDefaults
  - Validation (from `~/Desktop/wallet-ios/BaseSupport/Validation`)

SPEC REPOS:
  https://github.com/CocoaPods/Specs.git:
    - DifferenceKit
    - Kingfisher
    - MBProgressHUD
    - RxAnimated
    - RxAtomic
    - RxGesture
    - RxKeyboard
    - RxOptional
    - RxSwiftExt
    - SwiftLint
    - SwiftyUserDefaults

EXTERNAL SOURCES:
  CocoaExtension:
    :path: "~/Desktop/wallet-ios/BaseSupport/CocoaExtension"
  CollectionKit:
    :git: https://github.com/SoySauceLab/CollectionKit
  Encryption:
    :path: "~/Desktop/wallet-ios/BaseSupport/Encryption"
  FunctionalSwift:
    :path: "~/Desktop/wallet-ios/BaseSupport/FunctionalSwift"
  MJRefresh:
    :git: https://github.com/CoderMJLee/MJRefresh
  ModalManager:
    :path: "~/Desktop/wallet-ios/BaseSupport/ModalManager"
  "Rx+Kingfisher":
    :path: "~/Desktop/wallet-ios/BaseSupport/RxKingfisher"
  RxCocoa:
    :git: https://github.com/ReactiveX/RxSwift
  RxSwift:
    :git: https://github.com/ReactiveX/RxSwift
  SnapKit:
    :git: https://github.com/SnapKit/SnapKit
  Validation:
    :path: "~/Desktop/wallet-ios/BaseSupport/Validation"

CHECKOUT OPTIONS:
  CollectionKit:
    :commit: b78e4b38e6f4a9c5b0cf68937ead5af6feecc6fa
    :git: https://github.com/SoySauceLab/CollectionKit
  MJRefresh:
    :commit: 5fee65f22a1e69a0538ef44f480715ec411c124f
    :git: https://github.com/CoderMJLee/MJRefresh
  RxCocoa:
    :commit: bf83288eefa9b442b0541965d843f2b3433cc196
    :git: https://github.com/ReactiveX/RxSwift
  RxSwift:
    :commit: bf83288eefa9b442b0541965d843f2b3433cc196
    :git: https://github.com/ReactiveX/RxSwift
  SnapKit:
    :commit: 0c92c7a9a90ee7a9c71f95f400f86e0d611f757f
    :git: https://github.com/SnapKit/SnapKit

SPEC CHECKSUMS:
  CocoaExtension: 0baca243b4364a7ee257486f304b8c6f2965275c
  CollectionKit: 5caa5341860d4c9b748ebfeaab97530b2d02c7c0
  DifferenceKit: 824ab6ecd2a20cc658071b2c0c071114cf91e4c9
  Encryption: 07db83d78ab4bb1d12eb14c36c2c83909cb1b5f3
  FunctionalSwift: ee8ef3c5a2fc28692a9a21522c10dca0977f0eeb
  Kingfisher: c148cd7b47ebde9989f6bc7c27dcaa79d81279a0
  MBProgressHUD: e7baa36a220447d8aeb12769bf0585582f3866d9
  MJRefresh: 0efa19656679d70a0f47cbe76e56c2271fe53a97
  ModalManager: 906a0d450038948099d8111d429314345afc7b97
  "Rx+Kingfisher": 5b57ffb8306230cfed69820229061dcc66bf4d68
  RxAnimated: 57a731e59557219480fb3dd86d965d977d863fc6
  RxAtomic: eacf60db868c96bfd63320e28619fe29c179656f
  RxCocoa: df63ebf7b9a70d6b4eeea407ed5dd4efc8979749
  RxGesture: 7f6dfb45dbde06e618c24442d38493e3144f2c95
  RxKeyboard: 4f782303f499f41577b41c96c6a9a5d7acd51a47
  RxOptional: 80426a0ddbd092573e4c482d8cc13302078c4d5e
  RxSwift: 5976ecd04fc2fefd648827c23de5e11157faa973
  RxSwiftExt: 01f8ecbeeb355698e9c75365ebe908b00dacf45d
  SnapKit: 0de968a9fec17499afa29683b05d0c775b6d1c29
  SwiftLint: 3207c1faa2240bf8973b191820a116113cd11073
  SwiftyUserDefaults: 3d273b1739b68ada3145dc754a70ec775bc5c8be
  Validation: b695c801939fdaa32b489dbf6e4a739538829a5a

PODFILE CHECKSUM: bda7ca48103521bd25db5841f749f3bc83c74c7b

COCOAPODS: 1.5.0
