PODS:
  - Alamofire (4.8.2)
  - CocoaExtension (1.0.0)
  - CollectionKit (2.4.0):
    - CollectionKit/Core (= 2.4.0)
  - CollectionKit/Core (2.4.0)
  - DifferenceKit (1.1.1):
    - DifferenceKit/Core (= 1.1.1)
    - DifferenceKit/UIKitExtension (= 1.1.1)
  - DifferenceKit/Core (1.1.1)
  - DifferenceKit/UIKitExtension (1.1.1):
    - DifferenceKit/Core
  - Encryption (1.0.0)
  - FunctionalSwift (1.0.0)
  - Hero (1.4.0)
  - Kingfisher (5.3.1)
  - MBProgressHUD (1.1.0)
  - MJRefresh (3.1.16)
  - ModalManager (1.0.0)
  - ReSwift (4.1.1)
  - RxCocoa (5.0.0):
    - RxSwift (~> 5)
  - RxGesture (2.2.0):
    - RxCocoa
    - RxSwift
  - RxOptional (3.6.2):
    - RxCocoa
    - RxSwift
  - RxSwift (5.0.0)
  - RxSwiftExt (3.4.0):
    - RxSwiftExt/Core (= 3.4.0)
    - RxSwiftExt/RxCocoa (= 3.4.0)
  - RxSwiftExt/Core (3.4.0):
    - RxSwift
  - RxSwiftExt/RxCocoa (3.4.0):
    - RxCocoa
    - RxSwiftExt/Core
  - SnapKit (4.2.0)
  - SwiftLint (0.31.0)
  - SwiftyUserDefaults (3.0.1)
  - Validation (1.0.0)

DEPENDENCIES:
  - Alamofire
  - CocoaExtension (from `BaseSupport/CocoaExtension`)
  - CollectionKit (from `https://github.com/SoySauceLab/CollectionKit`)
  - DifferenceKit
  - Encryption (from `BaseSupport/Encryption`)
  - FunctionalSwift (from `BaseSupport/FunctionalSwift`)
  - Hero
  - Kingfisher
  - MBProgressHUD
  - MJRefresh
  - ModalManager (from `BaseSupport/ModalManager`)
  - ReSwift
  - RxCocoa (from `https://github.com/ReactiveX/RxSwift`)
  - RxGesture (from `BaseSupport/RxGesture`)
  - RxOptional (from `BaseSupport/RxOptional`)
  - RxSwift (from `https://github.com/ReactiveX/RxSwift`)
  - RxSwiftExt (from `BaseSupport/RxSwiftExt`)
  - SnapKit (from `https://github.com/SnapKit/SnapKit`)
  - SwiftLint
  - SwiftyUserDefaults
  - Validation (from `BaseSupport/Validation`)

SPEC REPOS:
  https://github.com/cocoapods/specs.git:
    - Alamofire
    - DifferenceKit
    - Hero
    - Kingfisher
    - MBProgressHUD
    - MJRefresh
    - ReSwift
    - SwiftLint
    - SwiftyUserDefaults

EXTERNAL SOURCES:
  CocoaExtension:
    :path: BaseSupport/CocoaExtension
  CollectionKit:
    :git: https://github.com/SoySauceLab/CollectionKit
  Encryption:
    :path: BaseSupport/Encryption
  FunctionalSwift:
    :path: BaseSupport/FunctionalSwift
  ModalManager:
    :path: BaseSupport/ModalManager
  RxCocoa:
    :git: https://github.com/ReactiveX/RxSwift
  RxGesture:
    :git: BaseSupport/RxGesture
  RxOptional:
    :git: BaseSupport/RxOptional
  RxSwift:
    :git: https://github.com/ReactiveX/RxSwift
  RxSwiftExt:
    :git: BaseSupport/RxSwiftExt
  SnapKit:
    :git: https://github.com/SnapKit/SnapKit
  Validation:
    :path: BaseSupport/Validation

CHECKOUT OPTIONS:
  CollectionKit:
    :commit: daf0bc37651a9d335c1292390420f9bf4d8c1209
    :git: https://github.com/SoySauceLab/CollectionKit
  RxCocoa:
    :commit: 27b42ed7584a044d9ec6d7968c0d5f464abdcf93
    :git: https://github.com/ReactiveX/RxSwift
  RxGesture:
    :commit: 2e86eeb6379cbacce7b7b9efc0a12ba33e5f3b68
    :git: BaseSupport/RxGesture
  RxOptional:
    :commit: ab98360805936a280b7b8de3b7d2943e866db05c
    :git: BaseSupport/RxOptional
  RxSwift:
    :commit: 27b42ed7584a044d9ec6d7968c0d5f464abdcf93
    :git: https://github.com/ReactiveX/RxSwift
  RxSwiftExt:
    :commit: 220cd19a5b0edc2d284918e82ac8753c40e7f195
    :git: BaseSupport/RxSwiftExt
  SnapKit:
    :commit: eea05d74f073696202cd0bb8e744e4c89781a414
    :git: https://github.com/SnapKit/SnapKit

SPEC CHECKSUMS:
  Alamofire: ae5c501addb7afdbb13687d7f2f722c78734c2d3
  CocoaExtension: aef70c5151d84bf5917c885bd2b2f7aa15455edd
  CollectionKit: 8f01e7629185bb81072c4aa734d105df5c2d1c8b
  DifferenceKit: cf1b84e2207ea45c3640381cb229cf46c1647466
  Encryption: 341e53c4fbc96dc568a23f444231eb2ca9810cbf
  FunctionalSwift: 45c6c16128dec033a5a1e0d7f46da29a82dc43cc
  Hero: bac92350d7201a1a940003e0767c7b52ce7c99a1
  Kingfisher: d9e7e0b209b59b8f9873aa2f37654e81a7beea51
  MBProgressHUD: e7baa36a220447d8aeb12769bf0585582f3866d9
  MJRefresh: 7798e16e53a5ef7f332dd05b27664db4e29530fd
  ModalManager: 024904cbb43f8e65bdd3d0ae5b0f4a853cccc8bd
  ReSwift: d925be0033558f55bd73d92869961230dfe19d52
  RxCocoa: d125f99770486d53eabca3ac7c3fc568beff5ae0
  RxGesture: b37434fb6d171882ef112d22ba171e03cb441548
  RxOptional: 338d4e5c0fabfcb68ae4f159b5b2162cc2189863
  RxSwift: 8b0671caa829a763bbce7271095859121cbd895f
  RxSwiftExt: a077beb3b1d4adbc783575007786b4bbc2e15b60
  SnapKit: 8082a209d72683ebd4652cbbbcb235ef291a91ef
  SwiftLint: 7a0227733d786395817373b2d0ca799fd0093ff3
  SwiftyUserDefaults: 3d273b1739b68ada3145dc754a70ec775bc5c8be
  Validation: 80624ad9a49780a8e9dbc425de2eb0867a3075ea

PODFILE CHECKSUM: 4394012bcc07422923314c89458f29fce59288c4

COCOAPODS: 1.7.0.beta.3
